{
  "name": "backbone-marionette-nornj-todomvc",
  "version": "1.0.0",
  "lockfileVersion": 1,
  "requires": true,
  "dependencies": {
    "backbone": {
      "version": "1.3.3",
      "resolved": "https://registry.npmjs.org/backbone/-/backbone-1.3.3.tgz",
      "integrity": "sha1-TMgOp8sWMaxHSInOQPL4vGg7KZk=",
      "requires": {
        "underscore": ">=1.8.3"
      }
    },
    "backbone.babysitter": {
      "version": "0.1.12",
      "resolved": "https://registry.npmjs.org/backbone.babysitter/-/backbone.babysitter-0.1.12.tgz",
      "integrity": "sha1-fKlGQ07u+94aVTYFx0twSbbfr8E=",
      "requires": {
        "backbone": ">=0.9.9 <=1.3.x",
        "underscore": ">=1.4.0 <=1.8.3"
      }
    },
    "backbone.localstorage": {
      "version": "1.1.16",
      "resolved": "https://registry.npmjs.org/backbone.localstorage/-/backbone.localstorage-1.1.16.tgz",
      "integrity": "sha1-PfUQHZOrzuBPMmA1VA9CXdBIeRY="
    },
    "backbone.marionette": {
      "version": "2.4.7",
      "resolved": "https://registry.npmjs.org/backbone.marionette/-/backbone.marionette-2.4.7.tgz",
      "integrity": "sha1-pXPSG5xGR0G4DeGDUfrqzxhy4l8=",
      "requires": {
        "backbone": "1.0.0 - 1.3.x",
        "backbone.babysitter": "^0.1.0",
        "backbone.wreqr": "^1.0.0",
        "underscore": "1.4.4 - 1.8.3"
      }
    },
    "backbone.radio": {
      "version": "1.0.5",
      "resolved": "https://registry.npmjs.org/backbone.radio/-/backbone.radio-1.0.5.tgz",
      "integrity": "sha1-n51RKasM7b4/aSadOJX+AvyTF/M=",
      "requires": {
        "backbone": "1.0.0 - 1.3.x",
        "underscore": "1.4.4 - 1.8.3"
      }
    },
    "backbone.wreqr": {
      "version": "1.4.0",
      "resolved": "https://registry.npmjs.org/backbone.wreqr/-/backbone.wreqr-1.4.0.tgz",
      "integrity": "sha1-doIDDJqvCQ7Nhzsh2/SFAWk7JpY=",
      "requires": {
        "backbone": ">=0.9.9 <=1.3.x",
        "underscore": ">=1.3.3 <=1.8.3"
      }
    },
    "jquery": {
      "version": "3.4.0",
      "resolved": "https://registry.npmjs.org/jquery/-/jquery-3.4.0.tgz",
      "integrity": "sha512-ggRCXln9zEqv6OqAGXFEcshF5dSBvCkzj6Gm2gzuR5fWawaX8t7cxKVkkygKODrDAzKdoYw3l/e3pm3vlT4IbQ=="
    },
    "nornj": {
      "version": "5.0.0-alpha.7",
      "resolved": "https://registry.npmjs.org/nornj/-/nornj-5.0.0-alpha.7.tgz",
      "integrity": "sha512-V81cnWTqOSMTJIscZMWueZFljBN2znE89hrgh8iljR7eX13pYigwXACseKI+hI0qdt1cojT4j8fObd4ZBMH3aA=="
    },
    "todomvc-app-css": {
      "version": "1.0.4",
      "resolved": "https://registry.npmjs.org/todomvc-app-css/-/todomvc-app-css-1.0.4.tgz",
      "integrity": "sha1-0lKSeabaW++wa1XAwyTF/P2U1lY="
    },
    "todomvc-common": {
      "version": "1.0.4",
      "resolved": "https://registry.npmjs.org/todomvc-common/-/todomvc-common-1.0.4.tgz",
      "integrity": "sha1-Iwma+IbC8FJb/UU34HjxLQB0MJ4="
    },
    "underscore": {
      "version": "1.8.3",
      "resolved": "https://registry.npmjs.org/underscore/-/underscore-1.8.3.tgz",
      "integrity": "sha1-Tz+1OxBuYJf8+ctBCfKl6b36UCI="
    }
  }
}
